{
  "name": "piggyback-loopback",
  "version": "1.0.0",
  "lockfileVersion": 1,
  "requires": true,
  "dependencies": {
    "charenc": {
      "version": "0.0.2",
      "resolved": "https://artifactory-fof.appl.kp.org/artifactory/api/npm/npm-virtual/charenc/-/charenc-0.0.2.tgz",
      "integrity": "sha1-wKHS86cJLgN3S/qD8UwPxXkKhmc=",
      "dev": true
    },
    "crypt": {
      "version": "0.0.2",
      "resolved": "https://artifactory-fof.appl.kp.org/artifactory/api/npm/npm-virtual/crypt/-/crypt-0.0.2.tgz",
      "integrity": "sha1-iNf/fsDfuG9xPch7u0LQRNPmxBs=",
      "dev": true
    },
    "https": {
      "version": "1.0.0",
      "resolved": "https://artifactory-fof.appl.kp.org/artifactory/api/npm/npm-virtual/https/-/https-1.0.0.tgz",
      "integrity": "sha1-PDfHrhqO65ZpBKKtHpdaGUt+06Q=",
      "dev": true
    },
    "is-buffer": {
      "version": "1.1.6",
      "resolved": "https://artifactory-fof.appl.kp.org/artifactory/api/npm/npm-virtual/is-buffer/-/is-buffer-1.1.6.tgz",
      "integrity": "sha1-76ouqdqg16suoTqXsritUf776L4=",
      "dev": true
    },
    "isexe": {
      "version": "2.0.0",
      "resolved": "https://artifactory-fof.appl.kp.org/artifactory/api/npm/npm-virtual/isexe/-/isexe-2.0.0.tgz",
      "integrity": "sha1-6PvzdNxVb/iUehDcsFctYz8s+hA=",
      "dev": true
    },
    "md5": {
      "version": "2.2.1",
      "resolved": "https://artifactory-fof.appl.kp.org/artifactory/api/npm/npm-virtual/md5/-/md5-2.2.1.tgz",
      "integrity": "sha1-U6s41f48iJG6RlMp6iP6wFQBJvk=",
      "dev": true,
      "requires": {
        "charenc": "0.0.2",
        "crypt": "0.0.2",
        "is-buffer": "1.1.6"
      }
    },
    "os-tmpdir": {
      "version": "1.0.2",
      "resolved": "https://artifactory-fof.appl.kp.org/artifactory/api/npm/npm-virtual/os-tmpdir/-/os-tmpdir-1.0.2.tgz",
      "integrity": "sha1-u+Z0BseaqFxc/sdm/lc0VV36EnQ=",
      "dev": true
    },
    "pem": {
      "version": "1.12.3",
      "resolved": "https://artifactory-fof.appl.kp.org/artifactory/api/npm/npm-virtual/pem/-/pem-1.12.3.tgz",
      "integrity": "sha1-sftci3najRgUbCf+55sNTd+ZBbM=",
      "dev": true,
      "requires": {
        "md5": "2.2.1",
        "os-tmpdir": "1.0.2",
        "safe-buffer": "5.1.1",
        "which": "1.3.0"
      }
    },
    "safe-buffer": {
      "version": "5.1.1",
      "resolved": "https://artifactory-fof.appl.kp.org/artifactory/api/npm/npm-virtual/safe-buffer/-/safe-buffer-5.1.1.tgz",
      "integrity": "sha1-iTMSr2myEj3vcfV4iQAWce6yyFM=",
      "dev": true
    },
    "which": {
      "version": "1.3.0",
      "resolved": "https://artifactory-fof.appl.kp.org/artifactory/api/npm/npm-virtual/which/-/which-1.3.0.tgz",
      "integrity": "sha1-/wS9/AEO5UfXgL7DjhrBwnd9JTo=",
      "dev": true,
      "requires": {
        "isexe": "2.0.0"
      }
    }
  }
}
